// !$*UTF8*$!
{
	archiveVersion = 1;
	classes = {
	};
	objectVersion = 46;
	objects = {

/* Begin PBXBuildFile section */
		53B184491A7F556700A4D667 /* AppDelegate.swift in Sources */ = {isa = PBXBuildFile; fileRef = 53B184481A7F556700A4D667 /* AppDelegate.swift */; };
		53B1844B1A7F556700A4D667 /* ViewController.swift in Sources */ = {isa = PBXBuildFile; fileRef = 53B1844A1A7F556700A4D667 /* ViewController.swift */; };
		53B1844E1A7F556700A4D667 /* Main.storyboard in Resources */ = {isa = PBXBuildFile; fileRef = 53B1844C1A7F556700A4D667 /* Main.storyboard */; };
		53B184501A7F556700A4D667 /* Images.xcassets in Resources */ = {isa = PBXBuildFile; fileRef = 53B1844F1A7F556700A4D667 /* Images.xcassets */; };
		53B184531A7F556700A4D667 /* LaunchScreen.xib in Resources */ = {isa = PBXBuildFile; fileRef = 53B184511A7F556700A4D667 /* LaunchScreen.xib */; };
		53B1845F1A7F556700A4D667 /* tipsTests.swift in Sources */ = {isa = PBXBuildFile; fileRef = 53B1845E1A7F556700A4D667 /* tipsTests.swift */; };
/* End PBXBuildFile section */

/* Begin PBXContainerItemProxy section */
		53B184591A7F556700A4D667 /* PBXContainerItemProxy */ = {
			isa = PBXContainerItemProxy;
			containerPortal = 53B1843B1A7F556700A4D667 /* Project object */;
			proxyType = 1;
			remoteGlobalIDString = 53B184421A7F556700A4D667;
			remoteInfo = tips;
		};
/* End PBXContainerItemProxy section */

/* Begin PBXFileReference section */
		53B184431A7F556700A4D667 /* tips.app */ = {isa = PBXFileReference; explicitFileType = wrapper.application; includeInIndex = 0; path = tips.app; sourceTree = BUILT_PRODUCTS_DIR; };
		53B184471A7F556700A4D667 /* Info.plist */ = {isa = PBXFileReference; lastKnownFileType = text.plist.xml; path = Info.plist; sourceTree = "<group>"; };
		53B184481A7F556700A4D667 /* AppDelegate.swift */ = {isa = PBXFileReference; lastKnownFileType = sourcecode.swift; path = AppDelegate.swift; sourceTree = "<group>"; };
		53B1844A1A7F556700A4D667 /* ViewController.swift */ = {isa = PBXFileReference; lastKnownFileType = sourcecode.swift; path = ViewController.swift; sourceTree = "<group>"; };
		53B1844D1A7F556700A4D667 /* Base */ = {isa = PBXFileReference; lastKnownFileType = file.storyboard; name = Base; path = Base.lproj/Main.storyboard; sourceTree = "<group>"; };
		53B1844F1A7F556700A4D667 /* Images.xcassets */ = {isa = PBXFileReference; lastKnownFileType = folder.assetcatalog; path = Images.xcassets; sourceTree = "<group>"; };
		53B184521A7F556700A4D667 /* Base */ = {isa = PBXFileReference; lastKnownFileType = file.xib; name = Base; path = Base.lproj/LaunchScreen.xib; sourceTree = "<group>"; };
		53B184581A7F556700A4D667 /* tipsTests.xctest */ = {isa = PBXFileReference; explicitFileType = wrapper.cfbundle; includeInIndex = 0; path = tipsTests.xctest; sourceTree = BUILT_PRODUCTS_DIR; };
		53B1845D1A7F556700A4D667 /* Info.plist */ = {isa = PBXFileReference; lastKnownFileType = text.plist.xml; path = Info.plist; sourceTree = "<group>"; };
		53B1845E1A7F556700A4D667 /* tipsTests.swift */ = {isa = PBXFileReference; lastKnownFileType = sourcecode.swift; path = tipsTests.swift; sourceTree = "<group>"; };
/* End PBXFileReference section */

/* Begin PBXFrameworksBuildPhase section */
		53B184401A7F556700A4D667 /* Frameworks */ = {
			isa = PBXFrameworksBuildPhase;
			buildActionMask = 2147483647;
			files = (
			);
			runOnlyForDeploymentPostprocessing = 0;
		};
		53B184551A7F556700A4D667 /* Frameworks */ = {
			isa = PBXFrameworksBuildPhase;
			buildActionMask = 2147483647;
			files = (
			);
			runOnlyForDeploymentPostprocessing = 0;
		};
/* End PBXFrameworksBuildPhase section */

/* Begin PBXGroup section */
		53B1843A1A7F556700A4D667 = {
			isa = PBXGroup;
			children = (
				53B184451A7F556700A4D667 /* tips */,
				53B1845B1A7F556700A4D667 /* tipsTests */,
				53B184441A7F556700A4D667 /* Products */,
			);
			sourceTree = "<group>";
		};
		53B184441A7F556700A4D667 /* Products */ = {
			isa = PBXGroup;
			children = (
				53B184431A7F556700A4D667 /* tips.app */,
				53B184581A7F556700A4D667 /* tipsTests.xctest */,
			);
			name = Products;
			sourceTree = "<group>";
		};
		53B184451A7F556700A4D667 /* tips */ = {
			isa = PBXGroup;
			children = (
				53B184481A7F556700A4D667 /* AppDelegate.swift */,
				53B1844A1A7F556700A4D667 /* ViewController.swift */,
				53B1844C1A7F556700A4D667 /* Main.storyboard */,
				53B1844F1A7F556700A4D667 /* Images.xcassets */,
				53B184511A7F556700A4D667 /* LaunchScreen.xib */,
				53B184461A7F556700A4D667 /* Supporting Files */,
			);
			path = tips;
			sourceTree = "<group>";
		};
		53B184461A7F556700A4D667 /* Supporting Files */ = {
			isa = PBXGroup;
			children = (
				53B184471A7F556700A4D667 /* Info.plist */,
			);
			name = "Supporting Files";
			sourceTree = "<group>";
		};
		53B1845B1A7F556700A4D667 /* tipsTests */ = {
			isa = PBXGroup;
			children = (
				53B1845E1A7F556700A4D667 /* tipsTests.swift */,
				53B1845C1A7F556700A4D667 /* Supporting Files */,
			);
			path = tipsTests;
			sourceTree = "<group>";
		};
		53B1845C1A7F556700A4D667 /* Supporting Files */ = {
			isa = PBXGroup;
			children = (
				53B1845D1A7F556700A4D667 /* Info.plist */,
			);
			name = "Supporting Files";
			sourceTree = "<group>";
		};
/* End PBXGroup section */

/* Begin PBXNativeTarget section */
		53B184421A7F556700A4D667 /* tips */ = {
			isa = PBXNativeTarget;
			buildConfigurationList = 53B184621A7F556700A4D667 /* Build configuration list for PBXNativeTarget "tips" */;
			buildPhases = (
				53B1843F1A7F556700A4D667 /* Sources */,
				53B184401A7F556700A4D667 /* Frameworks */,
				53B184411A7F556700A4D667 /* Resources */,
			);
			buildRules = (
			);
			dependencies = (
			);
			name = tips;
			productName = tips;
			productReference = 53B184431A7F556700A4D667 /* tips.app */;
			productType = "com.apple.product-type.application";
		};
		53B184571A7F556700A4D667 /* tipsTests */ = {
			isa = PBXNativeTarget;
			buildConfigurationList = 53B184651A7F556700A4D667 /* Build configuration list for PBXNativeTarget "tipsTests" */;
			buildPhases = (
				53B184541A7F556700A4D667 /* Sources */,
				53B184551A7F556700A4D667 /* Frameworks */,
				53B184561A7F556700A4D667 /* Resources */,
			);
			buildRules = (
			);
			dependencies = (
				53B1845A1A7F556700A4D667 /* PBXTargetDependency */,
			);
			name = tipsTests;
			productName = tipsTests;
			productReference = 53B184581A7F556700A4D667 /* tipsTests.xctest */;
			productType = "com.apple.product-type.bundle.unit-test";
		};
/* End PBXNativeTarget section */

/* Begin PBXProject section */
		53B1843B1A7F556700A4D667 /* Project object */ = {
			isa = PBXProject;
			attributes = {
				LastUpgradeCheck = 0610;
				ORGANIZATIONNAME = "Shengjun Li";
				TargetAttributes = {
					53B184421A7F556700A4D667 = {
						CreatedOnToolsVersion = 6.1.1;
					};
					53B184571A7F556700A4D667 = {
						CreatedOnToolsVersion = 6.1.1;
						TestTargetID = 53B184421A7F556700A4D667;
					};
				};
			};
			buildConfigurationList = 53B1843E1A7F556700A4D667 /* Build configuration list for PBXProject "tips" */;
			compatibilityVersion = "Xcode 3.2";
			developmentRegion = English;
			hasScannedForEncodings = 0;
			knownRegions = (
				en,
				Base,
			);
			mainGroup = 53B1843A1A7F556700A4D667;
			productRefGroup = 53B184441A7F556700A4D667 /* Products */;
			projectDirPath = "";
			projectRoot = "";
			targets = (
				53B184421A7F556700A4D667 /* tips */,
				53B184571A7F556700A4D667 /* tipsTests */,
			);
		};
/* End PBXProject section */

/* Begin PBXResourcesBuildPhase section */
		53B184411A7F556700A4D667 /* Resources */ = {
			isa = PBXResourcesBuildPhase;
			buildActionMask = 2147483647;
			files = (
				53B1844E1A7F556700A4D667 /* Main.storyboard in Resources */,
				53B184531A7F556700A4D667 /* LaunchScreen.xib in Resources */,
				53B184501A7F556700A4D667 /* Images.xcassets in Resources */,
			);
			runOnlyForDeploymentPostprocessing = 0;
		};
		53B184561A7F556700A4D667 /* Resources */ = {
			isa = PBXResourcesBuildPhase;
			buildActionMask = 2147483647;
			files = (
			);
			runOnlyForDeploymentPostprocessing = 0;
		};
/* End PBXResourcesBuildPhase section */

/* Begin PBXSourcesBuildPhase section */
		53B1843F1A7F556700A4D667 /* Sources */ = {
			isa = PBXSourcesBuildPhase;
			buildActionMask = 2147483647;
			files = (
				53B1844B1A7F556700A4D667 /* ViewController.swift in Sources */,
				53B184491A7F556700A4D667 /* AppDelegate.swift in Sources */,
			);
			runOnlyForDeploymentPostprocessing = 0;
		};
		53B184541A7F556700A4D667 /* Sources */ = {
			isa = PBXSourcesBuildPhase;
			buildActionMask = 2147483647;
			files = (
				53B1845F1A7F556700A4D667 /* tipsTests.swift in Sources */,
			);
			runOnlyForDeploymentPostprocessing = 0;
		};
/* End PBXSourcesBuildPhase section */

/* Begin PBXTargetDependency section */
		53B1845A1A7F556700A4D667 /* PBXTargetDependency */ = {
			isa = PBXTargetDependency;
			target = 53B184421A7F556700A4D667 /* tips */;
			targetProxy = 53B184591A7F556700A4D667 /* PBXContainerItemProxy */;
		};
/* End PBXTargetDependency section */

/* Begin PBXVariantGroup section */
		53B1844C1A7F556700A4D667 /* Main.storyboard */ = {
			isa = PBXVariantGroup;
			children = (
				53B1844D1A7F556700A4D667 /* Base */,
			);
			name = Main.storyboard;
			sourceTree = "<group>";
		};
		53B184511A7F556700A4D667 /* LaunchScreen.xib */ = {
			isa = PBXVariantGroup;
			children = (
				53B184521A7F556700A4D667 /* Base */,
			);
			name = LaunchScreen.xib;
			sourceTree = "<group>";
		};
/* End PBXVariantGroup section */

/* Begin XCBuildConfiguration section */
		53B184601A7F556700A4D667 /* Debug */ = {
			isa = XCBuildConfiguration;
			buildSettings = {
				ALWAYS_SEARCH_USER_PATHS = NO;
				CLANG_CXX_LANGUAGE_STANDARD = "gnu++0x";
				CLANG_CXX_LIBRARY = "libc++";
				CLANG_ENABLE_MODULES = YES;
				CLANG_ENABLE_OBJC_ARC = YES;
				CLANG_WARN_BOOL_CONVERSION = YES;
				CLANG_WARN_CONSTANT_CONVERSION = YES;
				CLANG_WARN_DIRECT_OBJC_ISA_USAGE = YES_ERROR;
				CLANG_WARN_EMPTY_BODY = YES;
				CLANG_WARN_ENUM_CONVERSION = YES;
				CLANG_WARN_INT_CONVERSION = YES;
				CLANG_WARN_OBJC_ROOT_CLASS = YES_ERROR;
				CLANG_WARN_UNREACHABLE_CODE = YES;
				CLANG_WARN__DUPLICATE_METHOD_MATCH = YES;
				"CODE_SIGN_IDENTITY[sdk=iphoneos*]" = "iPhone Developer";
				COPY_PHASE_STRIP = NO;
				ENABLE_STRICT_OBJC_MSGSEND = YES;
				GCC_C_LANGUAGE_STANDARD = gnu99;
				GCC_DYNAMIC_NO_PIC = NO;
				GCC_OPTIMIZATION_LEVEL = 0;
				GCC_PREPROCESSOR_DEFINITIONS = (
					"DEBUG=1",
					"$(inherited)",
				);
				GCC_SYMBOLS_PRIVATE_EXTERN = NO;
				GCC_WARN_64_TO_32_BIT_CONVERSION = YES;
				GCC_WARN_ABOUT_RETURN_TYPE = YES_ERROR;
				GCC_WARN_UNDECLARED_SELECTOR = YES;
				GCC_WARN_UNINITIALIZED_AUTOS = YES_AGGRESSIVE;
				GCC_WARN_UNUSED_FUNCTION = YES;
				GCC_WARN_UNUSED_VARIABLE = YES;
				IPHONEOS_DEPLOYMENT_TARGET = 8.1;
				MTL_ENABLE_DEBUG_INFO = YES;
				ONLY_ACTIVE_ARCH = YES;
				SDKROOT = iphoneos;
				SWIFT_OPTIMIZATION_LEVEL = "-Onone";
				TARGETED_DEVICE_FAMILY = "1,2";
			};
			name = Debug;
		};
		53B184611A7F556700A4D667 /* Release */ = {
			isa = XCBuildConfiguration;
			buildSettings = {
				ALWAYS_SEARCH_USER_PATHS = NO;
				CLANG_CXX_LANGUAGE_STANDARD = "gnu++0x";
				CLANG_CXX_LIBRARY = "libc++";
				CLANG_ENABLE_MODULES = YES;
				CLANG_ENABLE_OBJC_ARC = YES;
				CLANG_WARN_BOOL_CONVERSION = YES;
				CLANG_WARN_CONSTANT_CONVERSION = YES;
				CLANG_WARN_DIRECT_OBJC_ISA_USAGE = YES_ERROR;
				CLANG_WARN_EMPTY_BODY = YES;
				CLANG_WARN_ENUM_CONVERSION = YES;
				CLANG_WARN_INT_CONVERSION = YES;
				CLANG_WARN_OBJC_ROOT_CLASS = YES_ERROR;
				CLANG_WARN_UNREACHABLE_CODE = YES;
				CLANG_WARN__DUPLICATE_METHOD_MATCH = YES;
				"CODE_SIGN_IDENTITY[sdk=iphoneos*]" = "iPhone Developer";
				COPY_PHASE_STRIP = YES;
				ENABLE_NS_ASSERTIONS = NO;
				ENABLE_STRICT_OBJC_MSGSEND = YES;
				GCC_C_LANGUAGE_STANDARD = gnu99;
				GCC_WARN_64_TO_32_BIT_CONVERSION = YES;
				GCC_WARN_ABOUT_RETURN_TYPE = YES_ERROR;
				GCC_WARN_UNDECLARED_SELECTOR = YES;
				GCC_WARN_UNINITIALIZED_AUTOS = YES_AGGRESSIVE;
				GCC_WARN_UNUSED_FUNCTION = YES;
				GCC_WARN_UNUSED_VARIABLE = YES;
				IPHONEOS_DEPLOYMENT_TARGET = 8.1;
				MTL_ENABLE_DEBUG_INFO = NO;
				SDKROOT = iphoneos;
				TARGETED_DEVICE_FAMILY = "1,2";
				VALIDATE_PRODUCT = YES;
			};
			name = Release;
		};
		53B184631A7F556700A4D667 /* Debug */ = {
			isa = XCBuildConfiguration;
			buildSettings = {
				ASSETCATALOG_COMPILER_APPICON_NAME = AppIcon;
				INFOPLIST_FILE = tips/Info.plist;
				LD_RUNPATH_SEARCH_PATHS = "$(inherited) @executable_path/Frameworks";
				PRODUCT_NAME = "$(TARGET_NAME)";
			};
			name = Debug;
		};
		53B184641A7F556700A4D667 /* Release */ = {
			isa = XCBuildConfiguration;
			buildSettings = {
				ASSETCATALOG_COMPILER_APPICON_NAME = AppIcon;
				INFOPLIST_FILE = tips/Info.plist;
				LD_RUNPATH_SEARCH_PATHS = "$(inherited) @executable_path/Frameworks";
				PRODUCT_NAME = "$(TARGET_NAME)";
			};
			name = Release;
		};
		53B184661A7F556700A4D667 /* Debug */ = {
			isa = XCBuildConfiguration;
			buildSettings = {
				BUNDLE_LOADER = "$(TEST_HOST)";
				FRAMEWORK_SEARCH_PATHS = (
					"$(SDKROOT)/Developer/Library/Frameworks",
					"$(inherited)",
				);
				GCC_PREPROCESSOR_DEFINITIONS = (
					"DEBUG=1",
					"$(inherited)",
				);
				INFOPLIST_FILE = tipsTests/Info.plist;
				LD_RUNPATH_SEARCH_PATHS = "$(inherited) @executable_path/Frameworks @loader_path/Frameworks";
				PRODUCT_NAME = "$(TARGET_NAME)";
				TEST_HOST = "$(BUILT_PRODUCTS_DIR)/tips.app/tips";
			};
			name = Debug;
		};
		53B184671A7F556700A4D667 /* Release */ = {
			isa = XCBuildConfiguration;
			buildSettings = {
				BUNDLE_LOADER = "$(TEST_HOST)";
				FRAMEWORK_SEARCH_PATHS = (
					"$(SDKROOT)/Developer/Library/Frameworks",
					"$(inherited)",
				);
				INFOPLIST_FILE = tipsTests/Info.plist;
				LD_RUNPATH_SEARCH_PATHS = "$(inherited) @executable_path/Frameworks @loader_path/Frameworks";
				PRODUCT_NAME = "$(TARGET_NAME)";
				TEST_HOST = "$(BUILT_PRODUCTS_DIR)/tips.app/tips";
			};
			name = Release;
		};
/* End XCBuildConfiguration section */

/* Begin XCConfigurationList section */
		53B1843E1A7F556700A4D667 /* Build configuration list for PBXProject "tips" */ = {
			isa = XCConfigurationList;
			buildConfigurations = (
				53B184601A7F556700A4D667 /* Debug */,
				53B184611A7F556700A4D667 /* Release */,
			);
			defaultConfigurationIsVisible = 0;
			defaultConfigurationName = Release;
		};
		53B184621A7F556700A4D667 /* Build configuration list for PBXNativeTarget "tips" */ = {
			isa = XCConfigurationList;
			buildConfigurations = (
				53B184631A7F556700A4D667 /* Debug */,
				53B184641A7F556700A4D667 /* Release */,
			);
			defaultConfigurationIsVisible = 0;
		};
		53B184651A7F556700A4D667 /* Build configuration list for PBXNativeTarget "tipsTests" */ = {
			isa = XCConfigurationList;
			buildConfigurations = (
				53B184661A7F556700A4D667 /* Debug */,
				53B184671A7F556700A4D667 /* Release */,
			);
			defaultConfigurationIsVisible = 0;
		};
/* End XCConfigurationList section */
	};
	rootObject = 53B1843B1A7F556700A4D667 /* Project object */;
}
